// !$*UTF8*$!
{
	archiveVersion = 1;
	classes = {
	};
	objectVersion = 46;
	objects = {

/* Begin PBXBuildFile section */
		31E0E6541CD430F300A287B1 /* main.m in Sources */ = {isa = PBXBuildFile; fileRef = 31E0E6531CD430F300A287B1 /* main.m */; };
		31E0E6571CD430F300A287B1 /* AppDelegate.m in Sources */ = {isa = PBXBuildFile; fileRef = 31E0E6561CD430F300A287B1 /* AppDelegate.m */; };
		31E0E65A1CD430F300A287B1 /* ViewController.m in Sources */ = {isa = PBXBuildFile; fileRef = 31E0E6591CD430F300A287B1 /* ViewController.m */; };
		31E0E65D1CD430F400A287B1 /* Main.storyboard in Resources */ = {isa = PBXBuildFile; fileRef = 31E0E65B1CD430F400A287B1 /* Main.storyboard */; };
		31E0E65F1CD430F400A287B1 /* Assets.xcassets in Resources */ = {isa = PBXBuildFile; fileRef = 31E0E65E1CD430F400A287B1 /* Assets.xcassets */; };
		31E0E6621CD430F400A287B1 /* LaunchScreen.storyboard in Resources */ = {isa = PBXBuildFile; fileRef = 31E0E6601CD430F400A287B1 /* LaunchScreen.storyboard */; };
		31E0E66D1CD430F400A287B1 /* CircleADotTests.m in Sources */ = {isa = PBXBuildFile; fileRef = 31E0E66C1CD430F400A287B1 /* CircleADotTests.m */; };
		31E0E6781CD430F400A287B1 /* CircleADotUITests.m in Sources */ = {isa = PBXBuildFile; fileRef = 31E0E6771CD430F400A287B1 /* CircleADotUITests.m */; };
		31E0E68B1CD4314000A287B1 /* background1.png in Resources */ = {isa = PBXBuildFile; fileRef = 31E0E6851CD4314000A287B1 /* background1.png */; };
		31E0E68C1CD4314000A287B1 /* gray.png in Resources */ = {isa = PBXBuildFile; fileRef = 31E0E6861CD4314000A287B1 /* gray.png */; };
		31E0E68D1CD4314000A287B1 /* left2.png in Resources */ = {isa = PBXBuildFile; fileRef = 31E0E6871CD4314000A287B1 /* left2.png */; };
		31E0E68E1CD4314000A287B1 /* middle2.png in Resources */ = {isa = PBXBuildFile; fileRef = 31E0E6881CD4314000A287B1 /* middle2.png */; };
		31E0E68F1CD4314000A287B1 /* right2.png in Resources */ = {isa = PBXBuildFile; fileRef = 31E0E6891CD4314000A287B1 /* right2.png */; };
		31E0E6901CD4314000A287B1 /* yellow2.png in Resources */ = {isa = PBXBuildFile; fileRef = 31E0E68A1CD4314000A287B1 /* yellow2.png */; };
		31E0E6931CD4327100A287B1 /* CirclePosition.m in Sources */ = {isa = PBXBuildFile; fileRef = 31E0E6921CD4327100A287B1 /* CirclePosition.m */; };
/* End PBXBuildFile section */

/* Begin PBXContainerItemProxy section */
		31E0E6691CD430F400A287B1 /* PBXContainerItemProxy */ = {
			isa = PBXContainerItemProxy;
			containerPortal = 31E0E6471CD430F300A287B1 /* Project object */;
			proxyType = 1;
			remoteGlobalIDString = 31E0E64E1CD430F300A287B1;
			remoteInfo = CircleADot;
		};
		31E0E6741CD430F400A287B1 /* PBXContainerItemProxy */ = {
			isa = PBXContainerItemProxy;
			containerPortal = 31E0E6471CD430F300A287B1 /* Project object */;
			proxyType = 1;
			remoteGlobalIDString = 31E0E64E1CD430F300A287B1;
			remoteInfo = CircleADot;
		};
/* End PBXContainerItemProxy section */

/* Begin PBXFileReference section */
		31E0E64F1CD430F300A287B1 /* CircleADot.app */ = {isa = PBXFileReference; explicitFileType = wrapper.application; includeInIndex = 0; path = CircleADot.app; sourceTree = BUILT_PRODUCTS_DIR; };
		31E0E6531CD430F300A287B1 /* main.m */ = {isa = PBXFileReference; lastKnownFileType = sourcecode.c.objc; path = main.m; sourceTree = "<group>"; };
		31E0E6551CD430F300A287B1 /* AppDelegate.h */ = {isa = PBXFileReference; lastKnownFileType = sourcecode.c.h; path = AppDelegate.h; sourceTree = "<group>"; };
		31E0E6561CD430F300A287B1 /* AppDelegate.m */ = {isa = PBXFileReference; lastKnownFileType = sourcecode.c.objc; path = AppDelegate.m; sourceTree = "<group>"; };
		31E0E6581CD430F300A287B1 /* ViewController.h */ = {isa = PBXFileReference; lastKnownFileType = sourcecode.c.h; path = ViewController.h; sourceTree = "<group>"; };
		31E0E6591CD430F300A287B1 /* ViewController.m */ = {isa = PBXFileReference; lastKnownFileType = sourcecode.c.objc; path = ViewController.m; sourceTree = "<group>"; };
		31E0E65C1CD430F400A287B1 /* Base */ = {isa = PBXFileReference; lastKnownFileType = file.storyboard; name = Base; path = Base.lproj/Main.storyboard; sourceTree = "<group>"; };
		31E0E65E1CD430F400A287B1 /* Assets.xcassets */ = {isa = PBXFileReference; lastKnownFileType = folder.assetcatalog; path = Assets.xcassets; sourceTree = "<group>"; };
		31E0E6611CD430F400A287B1 /* Base */ = {isa = PBXFileReference; lastKnownFileType = file.storyboard; name = Base; path = Base.lproj/LaunchScreen.storyboard; sourceTree = "<group>"; };
		31E0E6631CD430F400A287B1 /* Info.plist */ = {isa = PBXFileReference; lastKnownFileType = text.plist.xml; path = Info.plist; sourceTree = "<group>"; };
		31E0E6681CD430F400A287B1 /* CircleADotTests.xctest */ = {isa = PBXFileReference; explicitFileType = wrapper.cfbundle; includeInIndex = 0; path = CircleADotTests.xctest; sourceTree = BUILT_PRODUCTS_DIR; };
		31E0E66C1CD430F400A287B1 /* CircleADotTests.m */ = {isa = PBXFileReference; lastKnownFileType = sourcecode.c.objc; path = CircleADotTests.m; sourceTree = "<group>"; };
		31E0E66E1CD430F400A287B1 /* Info.plist */ = {isa = PBXFileReference; lastKnownFileType = text.plist.xml; path = Info.plist; sourceTree = "<group>"; };
		31E0E6731CD430F400A287B1 /* CircleADotUITests.xctest */ = {isa = PBXFileReference; explicitFileType = wrapper.cfbundle; includeInIndex = 0; path = CircleADotUITests.xctest; sourceTree = BUILT_PRODUCTS_DIR; };
		31E0E6771CD430F400A287B1 /* CircleADotUITests.m */ = {isa = PBXFileReference; lastKnownFileType = sourcecode.c.objc; path = CircleADotUITests.m; sourceTree = "<group>"; };
		31E0E6791CD430F400A287B1 /* Info.plist */ = {isa = PBXFileReference; lastKnownFileType = text.plist.xml; path = Info.plist; sourceTree = "<group>"; };
		31E0E6851CD4314000A287B1 /* background1.png */ = {isa = PBXFileReference; lastKnownFileType = image.png; path = background1.png; sourceTree = "<group>"; };
		31E0E6861CD4314000A287B1 /* gray.png */ = {isa = PBXFileReference; lastKnownFileType = image.png; path = gray.png; sourceTree = "<group>"; };
		31E0E6871CD4314000A287B1 /* left2.png */ = {isa = PBXFileReference; lastKnownFileType = image.png; path = left2.png; sourceTree = "<group>"; };
		31E0E6881CD4314000A287B1 /* middle2.png */ = {isa = PBXFileReference; lastKnownFileType = image.png; path = middle2.png; sourceTree = "<group>"; };
		31E0E6891CD4314000A287B1 /* right2.png */ = {isa = PBXFileReference; lastKnownFileType = image.png; path = right2.png; sourceTree = "<group>"; };
		31E0E68A1CD4314000A287B1 /* yellow2.png */ = {isa = PBXFileReference; lastKnownFileType = image.png; path = yellow2.png; sourceTree = "<group>"; };
		31E0E6911CD4327100A287B1 /* CirclePosition.h */ = {isa = PBXFileReference; fileEncoding = 4; lastKnownFileType = sourcecode.c.h; path = CirclePosition.h; sourceTree = "<group>"; };
		31E0E6921CD4327100A287B1 /* CirclePosition.m */ = {isa = PBXFileReference; fileEncoding = 4; lastKnownFileType = sourcecode.c.objc; path = CirclePosition.m; sourceTree = "<group>"; };
/* End PBXFileReference section */

/* Begin PBXFrameworksBuildPhase section */
		31E0E64C1CD430F300A287B1 /* Frameworks */ = {
			isa = PBXFrameworksBuildPhase;
			buildActionMask = 2147483647;
			files = (
			);
			runOnlyForDeploymentPostprocessing = 0;
		};
		31E0E6651CD430F400A287B1 /* Frameworks */ = {
			isa = PBXFrameworksBuildPhase;
			buildActionMask = 2147483647;
			files = (
			);
			runOnlyForDeploymentPostprocessing = 0;
		};
		31E0E6701CD430F400A287B1 /* Frameworks */ = {
			isa = PBXFrameworksBuildPhase;
			buildActionMask = 2147483647;
			files = (
			);
			runOnlyForDeploymentPostprocessing = 0;
		};
/* End PBXFrameworksBuildPhase section */

/* Begin PBXGroup section */
		31E0E6461CD430F300A287B1 = {
			isa = PBXGroup;
			children = (
				31E0E6511CD430F300A287B1 /* CircleADot */,
				31E0E66B1CD430F400A287B1 /* CircleADotTests */,
				31E0E6761CD430F400A287B1 /* CircleADotUITests */,
				31E0E6501CD430F300A287B1 /* Products */,
			);
			sourceTree = "<group>";
		};
		31E0E6501CD430F300A287B1 /* Products */ = {
			isa = PBXGroup;
			children = (
				31E0E64F1CD430F300A287B1 /* CircleADot.app */,
				31E0E6681CD430F400A287B1 /* CircleADotTests.xctest */,
				31E0E6731CD430F400A287B1 /* CircleADotUITests.xctest */,
			);
			name = Products;
			sourceTree = "<group>";
		};
		31E0E6511CD430F300A287B1 /* CircleADot */ = {
			isa = PBXGroup;
			children = (
				31E0E6551CD430F300A287B1 /* AppDelegate.h */,
				31E0E6911CD4327100A287B1 /* CirclePosition.h */,
				31E0E6921CD4327100A287B1 /* CirclePosition.m */,
				31E0E6561CD430F300A287B1 /* AppDelegate.m */,
				31E0E6581CD430F300A287B1 /* ViewController.h */,
				31E0E6591CD430F300A287B1 /* ViewController.m */,
				31E0E6851CD4314000A287B1 /* background1.png */,
				31E0E6861CD4314000A287B1 /* gray.png */,
				31E0E6871CD4314000A287B1 /* left2.png */,
				31E0E6881CD4314000A287B1 /* middle2.png */,
				31E0E6891CD4314000A287B1 /* right2.png */,
				31E0E68A1CD4314000A287B1 /* yellow2.png */,
				31E0E65B1CD430F400A287B1 /* Main.storyboard */,
				31E0E65E1CD430F400A287B1 /* Assets.xcassets */,
				31E0E6601CD430F400A287B1 /* LaunchScreen.storyboard */,
				31E0E6631CD430F400A287B1 /* Info.plist */,
				31E0E6521CD430F300A287B1 /* Supporting Files */,
			);
			path = CircleADot;
			sourceTree = "<group>";
		};
		31E0E6521CD430F300A287B1 /* Supporting Files */ = {
			isa = PBXGroup;
			children = (
				31E0E6531CD430F300A287B1 /* main.m */,
			);
			name = "Supporting Files";
			sourceTree = "<group>";
		};
		31E0E66B1CD430F400A287B1 /* CircleADotTests */ = {
			isa = PBXGroup;
			children = (
				31E0E66C1CD430F400A287B1 /* CircleADotTests.m */,
				31E0E66E1CD430F400A287B1 /* Info.plist */,
			);
			path = CircleADotTests;
			sourceTree = "<group>";
		};
		31E0E6761CD430F400A287B1 /* CircleADotUITests */ = {
			isa = PBXGroup;
			children = (
				31E0E6771CD430F400A287B1 /* CircleADotUITests.m */,
				31E0E6791CD430F400A287B1 /* Info.plist */,
			);
			path = CircleADotUITests;
			sourceTree = "<group>";
		};
/* End PBXGroup section */

/* Begin PBXNativeTarget section */
		31E0E64E1CD430F300A287B1 /* CircleADot */ = {
			isa = PBXNativeTarget;
			buildConfigurationList = 31E0E67C1CD430F400A287B1 /* Build configuration list for PBXNativeTarget "CircleADot" */;
			buildPhases = (
				31E0E64B1CD430F300A287B1 /* Sources */,
				31E0E64C1CD430F300A287B1 /* Frameworks */,
				31E0E64D1CD430F300A287B1 /* Resources */,
			);
			buildRules = (
			);
			dependencies = (
			);
			name = CircleADot;
			productName = CircleADot;
			productReference = 31E0E64F1CD430F300A287B1 /* CircleADot.app */;
			productType = "com.apple.product-type.application";
		};
		31E0E6671CD430F400A287B1 /* CircleADotTests */ = {
			isa = PBXNativeTarget;
			buildConfigurationList = 31E0E67F1CD430F400A287B1 /* Build configuration list for PBXNativeTarget "CircleADotTests" */;
			buildPhases = (
				31E0E6641CD430F400A287B1 /* Sources */,
				31E0E6651CD430F400A287B1 /* Frameworks */,
				31E0E6661CD430F400A287B1 /* Resources */,
			);
			buildRules = (
			);
			dependencies = (
				31E0E66A1CD430F400A287B1 /* PBXTargetDependency */,
			);
			name = CircleADotTests;
			productName = CircleADotTests;
			productReference = 31E0E6681CD430F400A287B1 /* CircleADotTests.xctest */;
			productType = "com.apple.product-type.bundle.unit-test";
		};
		31E0E6721CD430F400A287B1 /* CircleADotUITests */ = {
			isa = PBXNativeTarget;
			buildConfigurationList = 31E0E6821CD430F400A287B1 /* Build configuration list for PBXNativeTarget "CircleADotUITests" */;
			buildPhases = (
				31E0E66F1CD430F400A287B1 /* Sources */,
				31E0E6701CD430F400A287B1 /* Frameworks */,
				31E0E6711CD430F400A287B1 /* Resources */,
			);
			buildRules = (
			);
			dependencies = (
				31E0E6751CD430F400A287B1 /* PBXTargetDependency */,
			);
			name = CircleADotUITests;
			productName = CircleADotUITests;
			productReference = 31E0E6731CD430F400A287B1 /* CircleADotUITests.xctest */;
			productType = "com.apple.product-type.bundle.ui-testing";
		};
/* End PBXNativeTarget section */

/* Begin PBXProject section */
		31E0E6471CD430F300A287B1 /* Project object */ = {
			isa = PBXProject;
			attributes = {
				LastUpgradeCheck = 0720;
				ORGANIZATIONNAME = leweny;
				TargetAttributes = {
					31E0E64E1CD430F300A287B1 = {
						CreatedOnToolsVersion = 7.2;
					};
					31E0E6671CD430F400A287B1 = {
						CreatedOnToolsVersion = 7.2;
						TestTargetID = 31E0E64E1CD430F300A287B1;
					};
					31E0E6721CD430F400A287B1 = {
						CreatedOnToolsVersion = 7.2;
						TestTargetID = 31E0E64E1CD430F300A287B1;
					};
				};
			};
			buildConfigurationList = 31E0E64A1CD430F300A287B1 /* Build configuration list for PBXProject "CircleADot" */;
			compatibilityVersion = "Xcode 3.2";
			developmentRegion = English;
			hasScannedForEncodings = 0;
			knownRegions = (
				en,
				Base,
			);
			mainGroup = 31E0E6461CD430F300A287B1;
			productRefGroup = 31E0E6501CD430F300A287B1 /* Products */;
			projectDirPath = "";
			projectRoot = "";
			targets = (
				31E0E64E1CD430F300A287B1 /* CircleADot */,
				31E0E6671CD430F400A287B1 /* CircleADotTests */,
				31E0E6721CD430F400A287B1 /* CircleADotUITests */,
			);
		};
/* End PBXProject section */

/* Begin PBXResourcesBuildPhase section */
		31E0E64D1CD430F300A287B1 /* Resources */ = {
			isa = PBXResourcesBuildPhase;
			buildActionMask = 2147483647;
			files = (
				31E0E6621CD430F400A287B1 /* LaunchScreen.storyboard in Resources */,
				31E0E68C1CD4314000A287B1 /* gray.png in Resources */,
				31E0E65F1CD430F400A287B1 /* Assets.xcassets in Resources */,
				31E0E6901CD4314000A287B1 /* yellow2.png in Resources */,
				31E0E65D1CD430F400A287B1 /* Main.storyboard in Resources */,
				31E0E68E1CD4314000A287B1 /* middle2.png in Resources */,
				31E0E68F1CD4314000A287B1 /* right2.png in Resources */,
				31E0E68B1CD4314000A287B1 /* background1.png in Resources */,
				31E0E68D1CD4314000A287B1 /* left2.png in Resources */,
			);
			runOnlyForDeploymentPostprocessing = 0;
		};
		31E0E6661CD430F400A287B1 /* Resources */ = {
			isa = PBXResourcesBuildPhase;
			buildActionMask = 2147483647;
			files = (
			);
			runOnlyForDeploymentPostprocessing = 0;
		};
		31E0E6711CD430F400A287B1 /* Resources */ = {
			isa = PBXResourcesBuildPhase;
			buildActionMask = 2147483647;
			files = (
			);
			runOnlyForDeploymentPostprocessing = 0;
		};
/* End PBXResourcesBuildPhase section */

/* Begin PBXSourcesBuildPhase section */
		31E0E64B1CD430F300A287B1 /* Sources */ = {
			isa = PBXSourcesBuildPhase;
			buildActionMask = 2147483647;
			files = (
				31E0E65A1CD430F300A287B1 /* ViewController.m in Sources */,
				31E0E6571CD430F300A287B1 /* AppDelegate.m in Sources */,
				31E0E6931CD4327100A287B1 /* CirclePosition.m in Sources */,
				31E0E6541CD430F300A287B1 /* main.m in Sources */,
			);
			runOnlyForDeploymentPostprocessing = 0;
		};
		31E0E6641CD430F400A287B1 /* Sources */ = {
			isa = PBXSourcesBuildPhase;
			buildActionMask = 2147483647;
			files = (
				31E0E66D1CD430F400A287B1 /* CircleADotTests.m in Sources */,
			);
			runOnlyForDeploymentPostprocessing = 0;
		};
		31E0E66F1CD430F400A287B1 /* Sources */ = {
			isa = PBXSourcesBuildPhase;
			buildActionMask = 2147483647;
			files = (
				31E0E6781CD430F400A287B1 /* CircleADotUITests.m in Sources */,
			);
			runOnlyForDeploymentPostprocessing = 0;
		};
/* End PBXSourcesBuildPhase section */

/* Begin PBXTargetDependency section */
		31E0E66A1CD430F400A287B1 /* PBXTargetDependency */ = {
			isa = PBXTargetDependency;
			target = 31E0E64E1CD430F300A287B1 /* CircleADot */;
			targetProxy = 31E0E6691CD430F400A287B1 /* PBXContainerItemProxy */;
		};
		31E0E6751CD430F400A287B1 /* PBXTargetDependency */ = {
			isa = PBXTargetDependency;
			target = 31E0E64E1CD430F300A287B1 /* CircleADot */;
			targetProxy = 31E0E6741CD430F400A287B1 /* PBXContainerItemProxy */;
		};
/* End PBXTargetDependency section */

/* Begin PBXVariantGroup section */
		31E0E65B1CD430F400A287B1 /* Main.storyboard */ = {
			isa = PBXVariantGroup;
			children = (
				31E0E65C1CD430F400A287B1 /* Base */,
			);
			name = Main.storyboard;
			sourceTree = "<group>";
		};
		31E0E6601CD430F400A287B1 /* LaunchScreen.storyboard */ = {
			isa = PBXVariantGroup;
			children = (
				31E0E6611CD430F400A287B1 /* Base */,
			);
			name = LaunchScreen.storyboard;
			sourceTree = "<group>";
		};
/* End PBXVariantGroup section */

/* Begin XCBuildConfiguration section */
		31E0E67A1CD430F400A287B1 /* Debug */ = {
			isa = XCBuildConfiguration;
			buildSettings = {
				ALWAYS_SEARCH_USER_PATHS = NO;
				CLANG_CXX_LANGUAGE_STANDARD = "gnu++0x";
				CLANG_CXX_LIBRARY = "libc++";
				CLANG_ENABLE_MODULES = YES;
				CLANG_ENABLE_OBJC_ARC = YES;
				CLANG_WARN_BOOL_CONVERSION = YES;
				CLANG_WARN_CONSTANT_CONVERSION = YES;
				CLANG_WARN_DIRECT_OBJC_ISA_USAGE = YES_ERROR;
				CLANG_WARN_EMPTY_BODY = YES;
				CLANG_WARN_ENUM_CONVERSION = YES;
				CLANG_WARN_INT_CONVERSION = YES;
				CLANG_WARN_OBJC_ROOT_CLASS = YES_ERROR;
				CLANG_WARN_UNREACHABLE_CODE = YES;
				CLANG_WARN__DUPLICATE_METHOD_MATCH = YES;
				"CODE_SIGN_IDENTITY[sdk=iphoneos*]" = "iPhone Developer";
				COPY_PHASE_STRIP = NO;
				DEBUG_INFORMATION_FORMAT = dwarf;
				ENABLE_STRICT_OBJC_MSGSEND = YES;
				ENABLE_TESTABILITY = YES;
				GCC_C_LANGUAGE_STANDARD = gnu99;
				GCC_DYNAMIC_NO_PIC = NO;
				GCC_NO_COMMON_BLOCKS = YES;
				GCC_OPTIMIZATION_LEVEL = 0;
				GCC_PREPROCESSOR_DEFINITIONS = (
					"DEBUG=1",
					"$(inherited)",
				);
				GCC_WARN_64_TO_32_BIT_CONVERSION = YES;
				GCC_WARN_ABOUT_RETURN_TYPE = YES_ERROR;
				GCC_WARN_UNDECLARED_SELECTOR = YES;
				GCC_WARN_UNINITIALIZED_AUTOS = YES_AGGRESSIVE;
				GCC_WARN_UNUSED_FUNCTION = YES;
				GCC_WARN_UNUSED_VARIABLE = YES;
				IPHONEOS_DEPLOYMENT_TARGET = 9.2;
				MTL_ENABLE_DEBUG_INFO = YES;
				ONLY_ACTIVE_ARCH = YES;
				SDKROOT = iphoneos;
			};
			name = Debug;
		};
		31E0E67B1CD430F400A287B1 /* Release */ = {
			isa = XCBuildConfiguration;
			buildSettings = {
				ALWAYS_SEARCH_USER_PATHS = NO;
				CLANG_CXX_LANGUAGE_STANDARD = "gnu++0x";
				CLANG_CXX_LIBRARY = "libc++";
				CLANG_ENABLE_MODULES = YES;
				CLANG_ENABLE_OBJC_ARC = YES;
				CLANG_WARN_BOOL_CONVERSION = YES;
				CLANG_WARN_CONSTANT_CONVERSION = YES;
				CLANG_WARN_DIRECT_OBJC_ISA_USAGE = YES_ERROR;
				CLANG_WARN_EMPTY_BODY = YES;
				CLANG_WARN_ENUM_CONVERSION = YES;
				CLANG_WARN_INT_CONVERSION = YES;
				CLANG_WARN_OBJC_ROOT_CLASS = YES_ERROR;
				CLANG_WARN_UNREACHABLE_CODE = YES;
				CLANG_WARN__DUPLICATE_METHOD_MATCH = YES;
				"CODE_SIGN_IDENTITY[sdk=iphoneos*]" = "iPhone Developer";
				COPY_PHASE_STRIP = NO;
				DEBUG_INFORMATION_FORMAT = "dwarf-with-dsym";
				ENABLE_NS_ASSERTIONS = NO;
				ENABLE_STRICT_OBJC_MSGSEND = YES;
				GCC_C_LANGUAGE_STANDARD = gnu99;
				GCC_NO_COMMON_BLOCKS = YES;
				GCC_WARN_64_TO_32_BIT_CONVERSION = YES;
				GCC_WARN_ABOUT_RETURN_TYPE = YES_ERROR;
				GCC_WARN_UNDECLARED_SELECTOR = YES;
				GCC_WARN_UNINITIALIZED_AUTOS = YES_AGGRESSIVE;
				GCC_WARN_UNUSED_FUNCTION = YES;
				GCC_WARN_UNUSED_VARIABLE = YES;
				IPHONEOS_DEPLOYMENT_TARGET = 9.2;
				MTL_ENABLE_DEBUG_INFO = NO;
				SDKROOT = iphoneos;
				VALIDATE_PRODUCT = YES;
			};
			name = Release;
		};
		31E0E67D1CD430F400A287B1 /* Debug */ = {
			isa = XCBuildConfiguration;
			buildSettings = {
				ASSETCATALOG_COMPILER_APPICON_NAME = AppIcon;
				INFOPLIST_FILE = CircleADot/Info.plist;
				IPHONEOS_DEPLOYMENT_TARGET = 8.1;
				LD_RUNPATH_SEARCH_PATHS = "$(inherited) @executable_path/Frameworks";
				PRODUCT_BUNDLE_IDENTIFIER = com.leweny.CircleADot;
				PRODUCT_NAME = "$(TARGET_NAME)";
			};
			name = Debug;
		};
		31E0E67E1CD430F400A287B1 /* Release */ = {
			isa = XCBuildConfiguration;
			buildSettings = {
				ASSETCATALOG_COMPILER_APPICON_NAME = AppIcon;
				INFOPLIST_FILE = CircleADot/Info.plist;
				IPHONEOS_DEPLOYMENT_TARGET = 8.1;
				LD_RUNPATH_SEARCH_PATHS = "$(inherited) @executable_path/Frameworks";
				PRODUCT_BUNDLE_IDENTIFIER = com.leweny.CircleADot;
				PRODUCT_NAME = "$(TARGET_NAME)";
			};
			name = Release;
		};
		31E0E6801CD430F400A287B1 /* Debug */ = {
			isa = XCBuildConfiguration;
			buildSettings = {
				BUNDLE_LOADER = "$(TEST_HOST)";
				INFOPLIST_FILE = CircleADotTests/Info.plist;
				LD_RUNPATH_SEARCH_PATHS = "$(inherited) @executable_path/Frameworks @loader_path/Frameworks";
				PRODUCT_BUNDLE_IDENTIFIER = com.leweny.CircleADotTests;
				PRODUCT_NAME = "$(TARGET_NAME)";
				TEST_HOST = "$(BUILT_PRODUCTS_DIR)/CircleADot.app/CircleADot";
			};
			name = Debug;
		};
		31E0E6811CD430F400A287B1 /* Release */ = {
			isa = XCBuildConfiguration;
			buildSettings = {
				BUNDLE_LOADER = "$(TEST_HOST)";
				INFOPLIST_FILE = CircleADotTests/Info.plist;
				LD_RUNPATH_SEARCH_PATHS = "$(inherited) @executable_path/Frameworks @loader_path/Frameworks";
				PRODUCT_BUNDLE_IDENTIFIER = com.leweny.CircleADotTests;
				PRODUCT_NAME = "$(TARGET_NAME)";
				TEST_HOST = "$(BUILT_PRODUCTS_DIR)/CircleADot.app/CircleADot";
			};
			name = Release;
		};
		31E0E6831CD430F400A287B1 /* Debug */ = {
			isa = XCBuildConfiguration;
			buildSettings = {
				INFOPLIST_FILE = CircleADotUITests/Info.plist;
				LD_RUNPATH_SEARCH_PATHS = "$(inherited) @executable_path/Frameworks @loader_path/Frameworks";
				PRODUCT_BUNDLE_IDENTIFIER = com.leweny.CircleADotUITests;
				PRODUCT_NAME = "$(TARGET_NAME)";
				TEST_TARGET_NAME = CircleADot;
				USES_XCTRUNNER = YES;
			};
			name = Debug;
		};
		31E0E6841CD430F400A287B1 /* Release */ = {
			isa = XCBuildConfiguration;
			buildSettings = {
				INFOPLIST_FILE = CircleADotUITests/Info.plist;
				LD_RUNPATH_SEARCH_PATHS = "$(inherited) @executable_path/Frameworks @loader_path/Frameworks";
				PRODUCT_BUNDLE_IDENTIFIER = com.leweny.CircleADotUITests;
				PRODUCT_NAME = "$(TARGET_NAME)";
				TEST_TARGET_NAME = CircleADot;
				USES_XCTRUNNER = YES;
			};
			name = Release;
		};
/* End XCBuildConfiguration section */

/* Begin XCConfigurationList section */
		31E0E64A1CD430F300A287B1 /* Build configuration list for PBXProject "CircleADot" */ = {
			isa = XCConfigurationList;
			buildConfigurations = (
				31E0E67A1CD430F400A287B1 /* Debug */,
				31E0E67B1CD430F400A287B1 /* Release */,
			);
			defaultConfigurationIsVisible = 0;
			defaultConfigurationName = Release;
		};
		31E0E67C1CD430F400A287B1 /* Build configuration list for PBXNativeTarget "CircleADot" */ = {
			isa = XCConfigurationList;
			buildConfigurations = (
				31E0E67D1CD430F400A287B1 /* Debug */,
				31E0E67E1CD430F400A287B1 /* Release */,
			);
			defaultConfigurationIsVisible = 0;
			defaultConfigurationName = Release;
		};
		31E0E67F1CD430F400A287B1 /* Build configuration list for PBXNativeTarget "CircleADotTests" */ = {
			isa = XCConfigurationList;
			buildConfigurations = (
				31E0E6801CD430F400A287B1 /* Debug */,
				31E0E6811CD430F400A287B1 /* Release */,
			);
			defaultConfigurationIsVisible = 0;
			defaultConfigurationName = Release;
		};
		31E0E6821CD430F400A287B1 /* Build configuration list for PBXNativeTarget "CircleADotUITests" */ = {
			isa = XCConfigurationList;
			buildConfigurations = (
				31E0E6831CD430F400A287B1 /* Debug */,
				31E0E6841CD430F400A287B1 /* Release */,
			);
			defaultConfigurationIsVisible = 0;
			defaultConfigurationName = Release;
		};
/* End XCConfigurationList section */
	};
	rootObject = 31E0E6471CD430F300A287B1 /* Project object */;
}
